
Microsoft Visual Studio Solution File, Format Version 12.00
# Visual Studio 2013
VisualStudioVersion = 12.0.30501.0
MinimumVisualStudioVersion = 10.0.40219.1
Project("{FAE04EC0-301F-11D3-BF4B-00C04F79EFBC}") = "eToolsSystem", "eToolsSystem\eToolsSystem.csproj", "{1432D742-5A1A-46BB-B2EE-CAC0C23BDF33}"
EndProject
Project("{E24C65DC-7377-472B-9ABA-BC803B73C61A}") = "eToolsWebsite", "http://localhost:50365", "{B5456BFD-9639-41F2-8CED-02328D4B8E7D}"
	ProjectSection(WebsiteProperties) = preProject
		UseIISExpress = "true"
		TargetFrameworkMoniker = ".NETFramework,Version%3Dv4.5"
		ProjectReferences = "{1432d742-5a1a-46bb-b2ee-cac0c23bdf33}|eToolsSystem.dll;"
		Debug.AspNetCompiler.VirtualPath = "/localhost_50365"
		Debug.AspNetCompiler.PhysicalPath = "eToolsWebsite\"
		Debug.AspNetCompiler.TargetPath = "PrecompiledWeb\localhost_50365\"
		Debug.AspNetCompiler.Updateable = "true"
		Debug.AspNetCompiler.ForceOverwrite = "true"
		Debug.AspNetCompiler.FixedNames = "false"
		Debug.AspNetCompiler.Debug = "True"
		Release.AspNetCompiler.VirtualPath = "/localhost_50365"
		Release.AspNetCompiler.PhysicalPath = "eToolsWebsite\"
		Release.AspNetCompiler.TargetPath = "PrecompiledWeb\localhost_50365\"
		Release.AspNetCompiler.Updateable = "true"
		Release.AspNetCompiler.ForceOverwrite = "true"
		Release.AspNetCompiler.FixedNames = "false"
		Release.AspNetCompiler.Debug = "False"
		SlnRelativePath = "eToolsWebsite\"
		DefaultWebSiteLanguage = "Visual C#"
	EndProjectSection
EndProject
Global
	GlobalSection(SolutionConfigurationPlatforms) = preSolution
		Debug|Any CPU = Debug|Any CPU
		Release|Any CPU = Release|Any CPU
	EndGlobalSection
	GlobalSection(ProjectConfigurationPlatforms) = postSolution
		{1432D742-5A1A-46BB-B2EE-CAC0C23BDF33}.Debug|Any CPU.ActiveCfg = Debug|Any CPU
		{1432D742-5A1A-46BB-B2EE-CAC0C23BDF33}.Debug|Any CPU.Build.0 = Debug|Any CPU
		{1432D742-5A1A-46BB-B2EE-CAC0C23BDF33}.Release|Any CPU.ActiveCfg = Release|Any CPU
		{1432D742-5A1A-46BB-B2EE-CAC0C23BDF33}.Release|Any CPU.Build.0 = Release|Any CPU
		{B5456BFD-9639-41F2-8CED-02328D4B8E7D}.Debug|Any CPU.ActiveCfg = Debug|Any CPU
		{B5456BFD-9639-41F2-8CED-02328D4B8E7D}.Debug|Any CPU.Build.0 = Debug|Any CPU
		{B5456BFD-9639-41F2-8CED-02328D4B8E7D}.Release|Any CPU.ActiveCfg = Debug|Any CPU
		{B5456BFD-9639-41F2-8CED-02328D4B8E7D}.Release|Any CPU.Build.0 = Debug|Any CPU
	EndGlobalSection
	GlobalSection(SolutionProperties) = preSolution
		HideSolutionNode = FALSE
	EndGlobalSection
EndGlobal
